<Solution>
  <Project Path="ConsoleApp1/ConsoleApp1.csproj" Id="d1465742-e104-4c0d-ae6b-c325b1227830" />
  <Project Path="SwiftExport.Application/SwiftExport.AppLayer.csproj" />
  <Project Path="SwiftExport.Core/SwiftExport.Core.csproj" Id="4f2de49f-a9e2-4d11-a8ab-40e8abd39ced" />
  <Project Path="SwiftExport.Infrastructure/SwiftExport.Infrastructure.csproj" Id="ef58df4e-5dd0-4e22-95cc-0a09a41e10fa" />
  <Project Path="SwiftExport.UiKongJianFrameWork/SwiftExport.UiKongJianFrameWork.csproj" Id="29d3ed05-2428-41ed-9c78-a969a1ba2538" />
  <Project Path="SwiftExport.UiWinForm/SwiftExport.UiWinForm.csproj" Id="00508706-6170-4ea2-8c71-617ba2b3658e" />
  <Project Path="SwiftExportAddIn/SwiftExportAddIn.csproj" Id="d8d71d0b-deea-4bbc-ac3b-cd6181ec10d0" />
  <Project Path="SwiftExprot.Utility/SwiftExprot.Utility.csproj" Id="f7433d9a-3887-4366-b4ae-850fd08c7cf2" />
</Solution>
